
Microsoft Visual Studio Solution File, Format Version 12.00
# Visual Studio 15
VisualStudioVersion = 15.0.28307.1000
MinimumVisualStudioVersion = 10.0.40219.1
Project("{8BC9CEB8-8B4A-11D0-8D11-00A0C91BC942}") = "Assignment_1", "Assignment_1\Assignment_1.vcxproj", "{4272E163-2A16-46A0-9F98-7D31F64E125D}"
EndProject
Project("{8BC9CEB8-8B4A-11D0-8D11-00A0C91BC942}") = "Assignment_2", "Assignment_2\Assignment_2.vcxproj", "{AB8C92FD-93DD-41D7-A77E-A76221856414}"
EndProject
Project("{8BC9CEB8-8B4A-11D0-8D11-00A0C91BC942}") = "Assignment_3", "Assignment_3\Assignment_3.vcxproj", "{2FF88E70-E8C8-4667-A4B2-EFE8F4E2B861}"
EndProject
Project("{8BC9CEB8-8B4A-11D0-8D11-00A0C91BC942}") = "Assignment_4", "Assignment_4\Assignment_4.vcxproj", "{DAEDAC62-486D-4FA2-88FA-3B50A1D5BCD6}"
EndProject
Global
	GlobalSection(SolutionConfigurationPlatforms) = preSolution
		Debug|x64 = Debug|x64
		Debug|x86 = Debug|x86
		Release|x64 = Release|x64
		Release|x86 = Release|x86
	EndGlobalSection
	GlobalSection(ProjectConfigurationPlatforms) = postSolution
		{4272E163-2A16-46A0-9F98-7D31F64E125D}.Debug|x64.ActiveCfg = Debug|x64
		{4272E163-2A16-46A0-9F98-7D31F64E125D}.Debug|x64.Build.0 = Debug|x64
		{4272E163-2A16-46A0-9F98-7D31F64E125D}.Debug|x86.ActiveCfg = Debug|Win32
		{4272E163-2A16-46A0-9F98-7D31F64E125D}.Debug|x86.Build.0 = Debug|Win32
		{4272E163-2A16-46A0-9F98-7D31F64E125D}.Release|x64.ActiveCfg = Release|x64
		{4272E163-2A16-46A0-9F98-7D31F64E125D}.Release|x64.Build.0 = Release|x64
		{4272E163-2A16-46A0-9F98-7D31F64E125D}.Release|x86.ActiveCfg = Release|Win32
		{4272E163-2A16-46A0-9F98-7D31F64E125D}.Release|x86.Build.0 = Release|Win32
		{AB8C92FD-93DD-41D7-A77E-A76221856414}.Debug|x64.ActiveCfg = Debug|x64
		{AB8C92FD-93DD-41D7-A77E-A76221856414}.Debug|x64.Build.0 = Debug|x64
		{AB8C92FD-93DD-41D7-A77E-A76221856414}.Debug|x86.ActiveCfg = Debug|Win32
		{AB8C92FD-93DD-41D7-A77E-A76221856414}.Debug|x86.Build.0 = Debug|Win32
		{AB8C92FD-93DD-41D7-A77E-A76221856414}.Release|x64.ActiveCfg = Release|x64
		{AB8C92FD-93DD-41D7-A77E-A76221856414}.Release|x64.Build.0 = Release|x64
		{AB8C92FD-93DD-41D7-A77E-A76221856414}.Release|x86.ActiveCfg = Release|Win32
		{AB8C92FD-93DD-41D7-A77E-A76221856414}.Release|x86.Build.0 = Release|Win32
		{2FF88E70-E8C8-4667-A4B2-EFE8F4E2B861}.Debug|x64.ActiveCfg = Debug|x64
		{2FF88E70-E8C8-4667-A4B2-EFE8F4E2B861}.Debug|x64.Build.0 = Debug|x64
		{2FF88E70-E8C8-4667-A4B2-EFE8F4E2B861}.Debug|x86.ActiveCfg = Debug|Win32
		{2FF88E70-E8C8-4667-A4B2-EFE8F4E2B861}.Debug|x86.Build.0 = Debug|Win32
		{2FF88E70-E8C8-4667-A4B2-EFE8F4E2B861}.Release|x64.ActiveCfg = Release|x64
		{2FF88E70-E8C8-4667-A4B2-EFE8F4E2B861}.Release|x64.Build.0 = Release|x64
		{2FF88E70-E8C8-4667-A4B2-EFE8F4E2B861}.Release|x86.ActiveCfg = Release|Win32
		{2FF88E70-E8C8-4667-A4B2-EFE8F4E2B861}.Release|x86.Build.0 = Release|Win32
		{DAEDAC62-486D-4FA2-88FA-3B50A1D5BCD6}.Debug|x64.ActiveCfg = Debug|x64
		{DAEDAC62-486D-4FA2-88FA-3B50A1D5BCD6}.Debug|x64.Build.0 = Debug|x64
		{DAEDAC62-486D-4FA2-88FA-3B50A1D5BCD6}.Debug|x86.ActiveCfg = Debug|Win32
		{DAEDAC62-486D-4FA2-88FA-3B50A1D5BCD6}.Debug|x86.Build.0 = Debug|Win32
		{DAEDAC62-486D-4FA2-88FA-3B50A1D5BCD6}.Release|x64.ActiveCfg = Release|x64
		{DAEDAC62-486D-4FA2-88FA-3B50A1D5BCD6}.Release|x64.Build.0 = Release|x64
		{DAEDAC62-486D-4FA2-88FA-3B50A1D5BCD6}.Release|x86.ActiveCfg = Release|Win32
		{DAEDAC62-486D-4FA2-88FA-3B50A1D5BCD6}.Release|x86.Build.0 = Release|Win32
	EndGlobalSection
	GlobalSection(SolutionProperties) = preSolution
		HideSolutionNode = FALSE
	EndGlobalSection
	GlobalSection(ExtensibilityGlobals) = postSolution
		SolutionGuid = {EE92F7C7-2C12-432B-BC25-ADD6DA613514}
	EndGlobalSection
EndGlobal
